
Microsoft Visual Studio Solution File, Format Version 12.00
# Visual Studio Version 17
VisualStudioVersion = 17.10.35122.118
MinimumVisualStudioVersion = 10.0.40219.1
Project("{FAE04EC0-301F-11D3-BF4B-00C04F79EFBC}") = "LoginUsers", "LoginUsers\LoginUsers.csproj", "{ED12B642-0BDC-4120-8C1C-4B70BA7B4FDF}"
EndProject
Global
	GlobalSection(SolutionConfigurationPlatforms) = preSolution
		Debug|Any CPU = Debug|Any CPU
		Release|Any CPU = Release|Any CPU
	EndGlobalSection
	GlobalSection(ProjectConfigurationPlatforms) = postSolution
		{ED12B642-0BDC-4120-8C1C-4B70BA7B4FDF}.Debug|Any CPU.ActiveCfg = Debug|Any CPU
		{ED12B642-0BDC-4120-8C1C-4B70BA7B4FDF}.Debug|Any CPU.Build.0 = Debug|Any CPU
		{ED12B642-0BDC-4120-8C1C-4B70BA7B4FDF}.Release|Any CPU.ActiveCfg = Release|Any CPU
		{ED12B642-0BDC-4120-8C1C-4B70BA7B4FDF}.Release|Any CPU.Build.0 = Release|Any CPU
	EndGlobalSection
	GlobalSection(SolutionProperties) = preSolution
		HideSolutionNode = FALSE
	EndGlobalSection
	GlobalSection(ExtensibilityGlobals) = postSolution
		SolutionGuid = {4121AD61-E996-450B-AEEA-E93F10A560FC}
	EndGlobalSection
EndGlobal
